
Microsoft Visual Studio Solution File, Format Version 12.00
# Visual Studio 15
VisualStudioVersion = 15.0.28010.2003
MinimumVisualStudioVersion = 10.0.40219.1
Project("{FAE04EC0-301F-11D3-BF4B-00C04F79EFBC}") = "GitTehtava", "GitTehtava\GitTehtava.csproj", "{88925144-C8E5-46D6-8E36-C7CE102B14FA}"
EndProject
Global
	GlobalSection(SolutionConfigurationPlatforms) = preSolution
		Debug|Any CPU = Debug|Any CPU
		Release|Any CPU = Release|Any CPU
	EndGlobalSection
	GlobalSection(ProjectConfigurationPlatforms) = postSolution
		{88925144-C8E5-46D6-8E36-C7CE102B14FA}.Debug|Any CPU.ActiveCfg = Debug|Any CPU
		{88925144-C8E5-46D6-8E36-C7CE102B14FA}.Debug|Any CPU.Build.0 = Debug|Any CPU
		{88925144-C8E5-46D6-8E36-C7CE102B14FA}.Release|Any CPU.ActiveCfg = Release|Any CPU
		{88925144-C8E5-46D6-8E36-C7CE102B14FA}.Release|Any CPU.Build.0 = Release|Any CPU
	EndGlobalSection
	GlobalSection(SolutionProperties) = preSolution
		HideSolutionNode = FALSE
	EndGlobalSection
	GlobalSection(ExtensibilityGlobals) = postSolution
		SolutionGuid = {9BDBCF25-68CD-4841-8171-5F0DCFDC4EC2}
	EndGlobalSection
EndGlobal
